
Microsoft Visual Studio Solution File, Format Version 12.00
# Visual Studio Version 17
VisualStudioVersion = 17.14.36202.13 d17.14
MinimumVisualStudioVersion = 10.0.40219.1
Project("{FAE04EC0-301F-11D3-BF4B-00C04F79EFBC}") = "XmlTransformationDemo", "XmlTransformationDemo\XmlTransformationDemo.csproj", "{B8275DE7-98B0-47A6-88B2-5A4E4D6BAC54}"
EndProject
Global
	GlobalSection(SolutionConfigurationPlatforms) = preSolution
		Debug|Any CPU = Debug|Any CPU
		Release|Any CPU = Release|Any CPU
	EndGlobalSection
	GlobalSection(ProjectConfigurationPlatforms) = postSolution
		{B8275DE7-98B0-47A6-88B2-5A4E4D6BAC54}.Debug|Any CPU.ActiveCfg = Debug|Any CPU
		{B8275DE7-98B0-47A6-88B2-5A4E4D6BAC54}.Debug|Any CPU.Build.0 = Debug|Any CPU
		{B8275DE7-98B0-47A6-88B2-5A4E4D6BAC54}.Release|Any CPU.ActiveCfg = Release|Any CPU
		{B8275DE7-98B0-47A6-88B2-5A4E4D6BAC54}.Release|Any CPU.Build.0 = Release|Any CPU
	EndGlobalSection
	GlobalSection(SolutionProperties) = preSolution
		HideSolutionNode = FALSE
	EndGlobalSection
	GlobalSection(ExtensibilityGlobals) = postSolution
		SolutionGuid = {0AA80F63-CD08-4DEA-82CB-4E399ED1CCC5}
	EndGlobalSection
EndGlobal
