
Microsoft Visual Studio Solution File, Format Version 12.00
# Visual Studio Version 17
VisualStudioVersion = 17.13.35825.156
MinimumVisualStudioVersion = 10.0.40219.1
Project("{FAE04EC0-301F-11D3-BF4B-00C04F79EFBC}") = "MTLSClient", "MTLSClient\MTLSClient.csproj", "{AA2862B5-C975-498A-8F09-B2867E76033D}"
EndProject
Project("{FAE04EC0-301F-11D3-BF4B-00C04F79EFBC}") = "BankingService", "BankingService\BankingService.csproj", "{74ECD737-620A-4AE5-899B-0D3273FC4748}"
EndProject
Project("{2150E333-8FDC-42A3-9474-1A3956D46DE8}") = "certs", "certs", "{02EA681E-C7D8-13C7-8484-4AC65E1B71E8}"
	ProjectSection(SolutionItems) = preProject
		client.pfx = client.pfx
		rootCA.cer = rootCA.cer
		server.pfx = server.pfx
	EndProjectSection
EndProject
Global
	GlobalSection(SolutionConfigurationPlatforms) = preSolution
		Debug|Any CPU = Debug|Any CPU
		Release|Any CPU = Release|Any CPU
	EndGlobalSection
	GlobalSection(ProjectConfigurationPlatforms) = postSolution
		{AA2862B5-C975-498A-8F09-B2867E76033D}.Debug|Any CPU.ActiveCfg = Debug|Any CPU
		{AA2862B5-C975-498A-8F09-B2867E76033D}.Debug|Any CPU.Build.0 = Debug|Any CPU
		{AA2862B5-C975-498A-8F09-B2867E76033D}.Release|Any CPU.ActiveCfg = Release|Any CPU
		{AA2862B5-C975-498A-8F09-B2867E76033D}.Release|Any CPU.Build.0 = Release|Any CPU
		{74ECD737-620A-4AE5-899B-0D3273FC4748}.Debug|Any CPU.ActiveCfg = Debug|Any CPU
		{74ECD737-620A-4AE5-899B-0D3273FC4748}.Debug|Any CPU.Build.0 = Debug|Any CPU
		{74ECD737-620A-4AE5-899B-0D3273FC4748}.Release|Any CPU.ActiveCfg = Release|Any CPU
		{74ECD737-620A-4AE5-899B-0D3273FC4748}.Release|Any CPU.Build.0 = Release|Any CPU
	EndGlobalSection
	GlobalSection(SolutionProperties) = preSolution
		HideSolutionNode = FALSE
	EndGlobalSection
	GlobalSection(ExtensibilityGlobals) = postSolution
		SolutionGuid = {0AED8D50-295D-4CE5-A576-8220D471B3FD}
	EndGlobalSection
EndGlobal
